
Microsoft Visual Studio Solution File, Format Version 12.00
# Visual Studio 2017
Project("{FAE04EC0-301F-11D3-BF4B-00C04F79EFBC}") = "IgniteDiceUnity", "IgniteDiceUnity.csproj", "{FA26A913-6E79-5256-92F8-313226BCEBD6}"
EndProject
Project("{FAE04EC0-301F-11D3-BF4B-00C04F79EFBC}") = "IgniteDiceUnity", "IgniteDiceUnity.csproj", "{FA26A913-6E79-5256-92F8-313226BCEBD6}"
EndProject
Project("{FAE04EC0-301F-11D3-BF4B-00C04F79EFBC}") = "IgniteDiceUnity", "IgniteDiceUnity.csproj", "{FA26A913-6E79-5256-92F8-313226BCEBD6}"
EndProject
Project("{FAE04EC0-301F-11D3-BF4B-00C04F79EFBC}") = "IgniteDiceUnity.Editor", "IgniteDiceUnity.Editor.csproj", "{19B3481E-6B3E-43D2-3C7E-BBBC77BAC9A0}"
EndProject
Project("{FAE04EC0-301F-11D3-BF4B-00C04F79EFBC}") = "IgniteDiceUnity.Editor", "IgniteDiceUnity.Editor.csproj", "{19B3481E-6B3E-43D2-3C7E-BBBC77BAC9A0}"
EndProject
Project("{FAE04EC0-301F-11D3-BF4B-00C04F79EFBC}") = "IgniteDiceUnity.Editor", "IgniteDiceUnity.Editor.csproj", "{19B3481E-6B3E-43D2-3C7E-BBBC77BAC9A0}"
EndProject
Global
	GlobalSection(SolutionConfigurationPlatforms) = preSolution
		Debug|Any CPU = Debug|Any CPU
		Release|Any CPU = Release|Any CPU
	EndGlobalSection
	GlobalSection(ProjectConfigurationPlatforms) = postSolution
		{FA26A913-6E79-5256-92F8-313226BCEBD6}.Debug|Any CPU.ActiveCfg = Debug|Any CPU
		{FA26A913-6E79-5256-92F8-313226BCEBD6}.Debug|Any CPU.Build.0 = Debug|Any CPU
		{FA26A913-6E79-5256-92F8-313226BCEBD6}.Release|Any CPU.ActiveCfg = Release|Any CPU
		{FA26A913-6E79-5256-92F8-313226BCEBD6}.Release|Any CPU.Build.0 = Release|Any CPU
		{FA26A913-6E79-5256-92F8-313226BCEBD6}.Debug|Any CPU.ActiveCfg = Debug|Any CPU
		{FA26A913-6E79-5256-92F8-313226BCEBD6}.Debug|Any CPU.Build.0 = Debug|Any CPU
		{FA26A913-6E79-5256-92F8-313226BCEBD6}.Release|Any CPU.ActiveCfg = Release|Any CPU
		{FA26A913-6E79-5256-92F8-313226BCEBD6}.Release|Any CPU.Build.0 = Release|Any CPU
		{FA26A913-6E79-5256-92F8-313226BCEBD6}.Debug|Any CPU.ActiveCfg = Debug|Any CPU
		{FA26A913-6E79-5256-92F8-313226BCEBD6}.Debug|Any CPU.Build.0 = Debug|Any CPU
		{FA26A913-6E79-5256-92F8-313226BCEBD6}.Release|Any CPU.ActiveCfg = Release|Any CPU
		{FA26A913-6E79-5256-92F8-313226BCEBD6}.Release|Any CPU.Build.0 = Release|Any CPU
		{19B3481E-6B3E-43D2-3C7E-BBBC77BAC9A0}.Debug|Any CPU.ActiveCfg = Debug|Any CPU
		{19B3481E-6B3E-43D2-3C7E-BBBC77BAC9A0}.Debug|Any CPU.Build.0 = Debug|Any CPU
		{19B3481E-6B3E-43D2-3C7E-BBBC77BAC9A0}.Release|Any CPU.ActiveCfg = Release|Any CPU
		{19B3481E-6B3E-43D2-3C7E-BBBC77BAC9A0}.Release|Any CPU.Build.0 = Release|Any CPU
		{19B3481E-6B3E-43D2-3C7E-BBBC77BAC9A0}.Debug|Any CPU.ActiveCfg = Debug|Any CPU
		{19B3481E-6B3E-43D2-3C7E-BBBC77BAC9A0}.Debug|Any CPU.Build.0 = Debug|Any CPU
		{19B3481E-6B3E-43D2-3C7E-BBBC77BAC9A0}.Release|Any CPU.ActiveCfg = Release|Any CPU
		{19B3481E-6B3E-43D2-3C7E-BBBC77BAC9A0}.Release|Any CPU.Build.0 = Release|Any CPU
		{19B3481E-6B3E-43D2-3C7E-BBBC77BAC9A0}.Debug|Any CPU.ActiveCfg = Debug|Any CPU
		{19B3481E-6B3E-43D2-3C7E-BBBC77BAC9A0}.Debug|Any CPU.Build.0 = Debug|Any CPU
		{19B3481E-6B3E-43D2-3C7E-BBBC77BAC9A0}.Release|Any CPU.ActiveCfg = Release|Any CPU
		{19B3481E-6B3E-43D2-3C7E-BBBC77BAC9A0}.Release|Any CPU.Build.0 = Release|Any CPU
	EndGlobalSection
	GlobalSection(SolutionProperties) = preSolution
		HideSolutionNode = FALSE
	EndGlobalSection
EndGlobal
